<?xml version="1.0" encoding="utf-8"?>
<Project ToolsVersion="4.0" xmlns="http://schemas.microsoft.com/developer/msbuild/2003">
  <ItemGroup>
    <ClInclude Include="include\muu\accumulator.h">
      <Filter>include</Filter>
    </ClInclude>
    <ClInclude Include="include\muu\bitset.h">
      <Filter>include</Filter>
    </ClInclude>
    <ClInclude Include="include\muu\blob.h">
      <Filter>include</Filter>
    </ClInclude>
    <ClInclude Include="include\muu\concatenate.h">
      <Filter>include</Filter>
    </ClInclude>
    <ClInclude Include="include\muu\integral_range.h">
      <Filter>include</Filter>
    </ClInclude>
    <ClInclude Include="include\muu\uuid.h">
      <Filter>include</Filter>
    </ClInclude>
    <ClInclude Include="include\muu\tagged_ptr.h">
      <Filter>include</Filter>
    </ClInclude>
    <ClInclude Include="include\muu\semver.h">
      <Filter>include</Filter>
    </ClInclude>
    <ClInclude Include="include\muu\preprocessor.h">
      <Filter>include</Filter>
    </ClInclude>
    <ClInclude Include="include\muu\rolling_average.h">
      <Filter>include</Filter>
    </ClInclude>
    <ClInclude Include="include\muu\hashing.h">
      <Filter>include</Filter>
    </ClInclude>
    <ClInclude Include="include\muu\all.h">
      <Filter>include</Filter>
    </ClInclude>
    <ClInclude Include="include\muu\core.h">
      <Filter>include</Filter>
    </ClInclude>
    <ClInclude Include="include\muu\half.h">
      <Filter>include</Filter>
    </ClInclude>
    <ClInclude Include="include\muu\fwd.h">
      <Filter>include</Filter>
    </ClInclude>
    <ClInclude Include="include\muu\strings.h">
      <Filter>include</Filter>
    </ClInclude>
    <ClInclude Include="include\muu\impl\unicode_char.h">
      <Filter>include\impl</Filter>
    </ClInclude>
    <ClInclude Include="include\muu\impl\unicode_char8_t.h">
      <Filter>include\impl</Filter>
    </ClInclude>
    <ClInclude Include="include\muu\impl\unicode_char16_t.h">
      <Filter>include\impl</Filter>
    </ClInclude>
    <ClInclude Include="include\muu\impl\unicode_char32_t.h">
      <Filter>include\impl</Filter>
    </ClInclude>
    <ClInclude Include="include\muu\impl\unicode_wchar_t.h">
      <Filter>include\impl</Filter>
    </ClInclude>
    <ClInclude Include="include\muu\impl\unicode_unsigned_char.h">
      <Filter>include\impl</Filter>
    </ClInclude>
    <ClInclude Include="include\muu\thread_pool.h">
      <Filter>include</Filter>
    </ClInclude>
    <ClInclude Include="include\muu\span.h">
      <Filter>include</Filter>
    </ClInclude>
    <ClInclude Include="include\muu\emplacement_array.h">
      <Filter>include</Filter>
    </ClInclude>
    <ClInclude Include="include\muu\string_param.h">
      <Filter>include</Filter>
    </ClInclude>
    <ClInclude Include="include\muu\vector.h">
      <Filter>include</Filter>
    </ClInclude>
    <ClInclude Include="include\muu\compressed_pair.h">
      <Filter>include</Filter>
    </ClInclude>
    <ClInclude Include="include\muu\scope_guard.h">
      <Filter>include</Filter>
    </ClInclude>
    <ClInclude Include="include\muu\quaternion.h">
      <Filter>include</Filter>
    </ClInclude>
    <ClInclude Include="include\muu\matrix.h">
      <Filter>include</Filter>
    </ClInclude>
    <ClInclude Include="include\muu\math.h">
      <Filter>include</Filter>
    </ClInclude>
    <ClInclude Include="include\muu\chars.h">
      <Filter>include</Filter>
    </ClInclude>
    <ClInclude Include="include\muu\bounding_box.h">
      <Filter>include</Filter>
    </ClInclude>
    <ClInclude Include="src\stream_printer.h">
      <Filter>src</Filter>
    </ClInclude>
    <ClInclude Include="include\muu\impl\geometry_common.h">
      <Filter>include\impl</Filter>
    </ClInclude>
    <ClInclude Include="include\muu\impl\vector_types_common.h">
      <Filter>include\impl</Filter>
    </ClInclude>
    <ClInclude Include="include\muu\oriented_bounding_box.h">
      <Filter>include</Filter>
    </ClInclude>
    <ClInclude Include="include\muu\impl\header_end.h">
      <Filter>include\impl</Filter>
    </ClInclude>
    <ClInclude Include="include\muu\impl\header_start.h">
      <Filter>include\impl</Filter>
    </ClInclude>
    <ClInclude Include="src\os.h">
      <Filter>src</Filter>
    </ClInclude>
    <ClInclude Include="src\os_unix.h">
      <Filter>src</Filter>
    </ClInclude>
    <ClInclude Include="src\os_windows.h">
      <Filter>src</Filter>
    </ClInclude>
    <ClInclude Include="src\source_start.h">
      <Filter>src</Filter>
    </ClInclude>
    <ClInclude Include="include\muu\plane.h">
      <Filter>include</Filter>
    </ClInclude>
    <ClInclude Include="include\muu\impl\environment_checks.h">
      <Filter>include\impl</Filter>
    </ClInclude>
    <ClInclude Include="include\muu\impl\core_constants.h">
      <Filter>include\impl</Filter>
    </ClInclude>
    <ClInclude Include="include\muu\impl\core_utils.h">
      <Filter>include\impl</Filter>
    </ClInclude>
    <ClInclude Include="include\muu\impl\preprocessor_for_each.h">
      <Filter>include\impl</Filter>
    </ClInclude>
    <ClInclude Include="include\muu\function_view.h">
      <Filter>include</Filter>
    </ClInclude>
    <ClInclude Include="include\muu\iterators.h">
      <Filter>include</Filter>
    </ClInclude>
    <ClInclude Include="include\muu\type_list.h">
      <Filter>include</Filter>
    </ClInclude>
    <ClInclude Include="include\muu\type_name.h">
      <Filter>include</Filter>
    </ClInclude>
    <ClInclude Include="include\muu\impl\std_string.h">
      <Filter>include\impl</Filter>
    </ClInclude>
    <ClInclude Include="include\muu\impl\std_string_view.h">
      <Filter>include\impl</Filter>
    </ClInclude>
    <ClInclude Include="include\muu\impl\std_iosfwd.h">
      <Filter>include\impl</Filter>
    </ClInclude>
    <ClInclude Include="include\muu\impl\std_memcpy.h">
      <Filter>include\impl</Filter>
    </ClInclude>
    <ClInclude Include="include\muu\impl\std_new.h">
      <Filter>include\impl</Filter>
    </ClInclude>
    <ClInclude Include="include\muu\impl\std_exception.h">
      <Filter>include\impl</Filter>
    </ClInclude>
    <ClInclude Include="include\muu\impl\std_memory.h">
      <Filter>include\impl</Filter>
    </ClInclude>
    <ClInclude Include="include\muu\impl\std_utility.h">
      <Filter>include\impl</Filter>
    </ClInclude>
    <ClInclude Include="include\muu\impl\std_cstdlib.h">
      <Filter>include\impl</Filter>
    </ClInclude>
    <ClInclude Include="include\muu\impl\type_name_specializations.h">
      <Filter>include\impl</Filter>
    </ClInclude>
    <ClInclude Include="include\muu\impl\std_type_traits.h">
      <Filter>include\impl</Filter>
    </ClInclude>
    <ClInclude Include="include\muu\bit.h">
      <Filter>include</Filter>
    </ClInclude>
    <ClInclude Include="include\muu\impl\std_initializer_list.h">
      <Filter>include\impl</Filter>
    </ClInclude>
    <ClInclude Include="include\muu\impl\vector_base.h">
      <Filter>include\impl</Filter>
    </ClInclude>
    <ClInclude Include="include\muu\impl\matrix_base.h">
      <Filter>include\impl</Filter>
    </ClInclude>
    <ClInclude Include="include\muu\impl\std_tuple.h">
      <Filter>include\impl</Filter>
    </ClInclude>
    <ClInclude Include="include\muu\axis_angle.h">
      <Filter>include</Filter>
    </ClInclude>
    <ClInclude Include="include\muu\euler_angles.h">
      <Filter>include</Filter>
    </ClInclude>
    <ClInclude Include="include\muu\impl\quaternion_x_matrix.h">
      <Filter>include\impl</Filter>
    </ClInclude>
    <ClInclude Include="include\muu\packed_unit_vector.h">
      <Filter>include</Filter>
    </ClInclude>
    <ClInclude Include="include\muu\meta.h">
      <Filter>include</Filter>
    </ClInclude>
    <ClInclude Include="include\muu\impl\std_compare.h">
      <Filter>include\impl</Filter>
    </ClInclude>
    <ClInclude Include="include\muu\impl\bounding_box_x_plane.h">
      <Filter>include\impl</Filter>
    </ClInclude>
    <ClInclude Include="include\muu\triangle.h">
      <Filter>include</Filter>
    </ClInclude>
    <ClInclude Include="include\muu\impl\plane_x_triangle.h">
      <Filter>include\impl</Filter>
    </ClInclude>
    <ClInclude Include="include\muu\impl\bounding_box_x_oriented_bounding_box.h">
      <Filter>include\impl</Filter>
    </ClInclude>
    <ClInclude Include="include\muu\impl\bounding_box_x_triangle.h">
      <Filter>include\impl</Filter>
    </ClInclude>
    <ClInclude Include="include\muu\strong_typedef.h">
      <Filter>include</Filter>
    </ClInclude>
    <ClInclude Include="include\muu\line_segment.h">
      <Filter>include</Filter>
    </ClInclude>
    <ClInclude Include="include\muu\impl\bounding_box_x_line_segment.h">
      <Filter>include\impl</Filter>
    </ClInclude>
    <ClInclude Include="include\muu\impl\plane_x_line_segment.h">
      <Filter>include\impl</Filter>
    </ClInclude>
    <ClInclude Include="include\muu\sat_tester.h">
      <Filter>include</Filter>
    </ClInclude>
    <ClInclude Include="include\muu\impl\preprocessor_macro_dispatch_clang.h">
      <Filter>include\impl</Filter>
    </ClInclude>
    <ClInclude Include="include\muu\impl\preprocessor_macro_dispatch_gcc.h">
      <Filter>include\impl</Filter>
    </ClInclude>
    <ClInclude Include="include\muu\impl\preprocessor_macro_dispatch_msvc.h">
      <Filter>include\impl</Filter>
    </ClInclude>
    <ClInclude Include="include\muu\impl\preprocessor_for_each_attributes.h">
      <Filter>include\impl</Filter>
    </ClInclude>
    <ClInclude Include="include\muu\bounding_sphere.h">
      <Filter>include</Filter>
    </ClInclude>
    <ClInclude Include="include\muu\spin_mutex.h">
      <Filter>include</Filter>
    </ClInclude>
    <ClInclude Include="include\muu\bit_cast.h">
      <Filter>include</Filter>
    </ClInclude>
    <ClInclude Include="include\muu\is_constant_evaluated.h">
      <Filter>include</Filter>
    </ClInclude>
    <ClInclude Include="include\muu\thread_name.h">
      <Filter>include</Filter>
    </ClInclude>
    <ClInclude Include="include\muu\pause.h">
      <Filter>include</Filter>
    </ClInclude>
    <ClInclude Include="include\muu\build.h">
      <Filter>include</Filter>
    </ClInclude>
    <ClInclude Include="include\muu\assume_aligned.h">
      <Filter>include</Filter>
    </ClInclude>
    <ClInclude Include="include\muu\pointer_cast.h">
      <Filter>include</Filter>
    </ClInclude>
    <ClInclude Include="include\muu\size_t_literals.h">
      <Filter>include</Filter>
    </ClInclude>
    <ClInclude Include="include\muu\popcount.h">
      <Filter>include</Filter>
    </ClInclude>
    <ClInclude Include="include\muu\integer_literals.h">
      <Filter>include</Filter>
    </ClInclude>
    <ClInclude Include="include\muu\integer_aliases.h">
      <Filter>include</Filter>
    </ClInclude>
    <ClInclude Include="include\muu\launder.h">
      <Filter>include</Filter>
    </ClInclude>
    <ClInclude Include="include\muu\bit_pack.h">
      <Filter>include</Filter>
    </ClInclude>
    <ClInclude Include="include\muu\bit_fill.h">
      <Filter>include</Filter>
    </ClInclude>
    <ClInclude Include="include\muu\countl.h">
      <Filter>include</Filter>
    </ClInclude>
    <ClInclude Include="include\muu\countr.h">
      <Filter>include</Filter>
    </ClInclude>
    <ClInclude Include="include\muu\bit_ceil.h">
      <Filter>include</Filter>
    </ClInclude>
    <ClInclude Include="include\muu\bit_floor.h">
      <Filter>include</Filter>
    </ClInclude>
    <ClInclude Include="include\muu\static_array.h">
      <Filter>include</Filter>
    </ClInclude>
    <ClInclude Include="include\muu\aligned_alloc.h">
      <Filter>include</Filter>
    </ClInclude>
    <ClInclude Include="include\muu\byte_reverse.h">
      <Filter>include</Filter>
    </ClInclude>
    <ClInclude Include="include\muu\for_sequence.h">
      <Filter>include</Filter>
    </ClInclude>
    <ClInclude Include="include\muu\apply_alignment.h">
      <Filter>include</Filter>
    </ClInclude>
    <ClInclude Include="include\muu\utf8_decoder.h">
      <Filter>include</Filter>
    </ClInclude>
    <ClInclude Include="include\muu\utf16_decoder.h">
      <Filter>include</Filter>
    </ClInclude>
    <ClInclude Include="include\muu\utf_decode.h">
      <Filter>include</Filter>
    </ClInclude>
    <ClInclude Include="include\muu\source_location.h">
      <Filter>include</Filter>
    </ClInclude>
    <ClInclude Include="include\muu\impl\bounding_box_x_bounding_sphere.h">
      <Filter>include\impl</Filter>
    </ClInclude>
    <ClInclude Include="include\muu\impl\bounding_sphere_x_triangle.h">
      <Filter>include\impl</Filter>
    </ClInclude>
    <ClInclude Include="include\muu\impl\bounding_sphere_x_line_segment.h">
      <Filter>include\impl</Filter>
    </ClInclude>
    <ClInclude Include="include\muu\impl\oriented_bounding_box_x_triangle.h">
      <Filter>include\impl</Filter>
    </ClInclude>
    <ClInclude Include="include\muu\impl\oriented_bounding_box_x_line_segment.h">
      <Filter>include\impl</Filter>
    </ClInclude>
    <ClInclude Include="include\muu\impl\oriented_bounding_box_x_bounding_sphere.h">
      <Filter>include\impl</Filter>
    </ClInclude>
    <ClInclude Include="include\muu\impl\triangle_x_line_segment.h">
      <Filter>include\impl</Filter>
    </ClInclude>
    <ClInclude Include="include\muu\ray.h">
      <Filter>include</Filter>
    </ClInclude>
    <ClInclude Include="include\muu\impl\std_optional.h">
      <Filter>include\impl</Filter>
    </ClInclude>
    <ClInclude Include="include\muu\impl\ray_x_plane.h">
      <Filter>include\impl</Filter>
    </ClInclude>
    <ClInclude Include="include\muu\impl\ray_x_triangle.h">
      <Filter>include\impl</Filter>
    </ClInclude>
    <ClInclude Include="include\muu\impl\tri_tri_intersection.h">
      <Filter>include\impl</Filter>
    </ClInclude>
    <ClInclude Include="include\muu\fixed_string.h">
      <Filter>include</Filter>
    </ClInclude>
    <ClInclude Include="include\muu\impl\ray_x_bounding_sphere.h">
      <Filter>include\impl</Filter>
    </ClInclude>
    <ClInclude Include="include\muu\impl\ray_x_bounding_box.h">
      <Filter>include\impl</Filter>
    </ClInclude>
  </ItemGroup>
  <ItemGroup>
    <None Include=".editorconfig" />
    <None Include="CONTRIBUTING.md" />
    <None Include="meson.build" />
    <None Include="README.md" />
    <None Include="docs\Doxyfile">
      <Filter>docs</Filter>
    </None>
    <None Include=".runsettings" />
    <None Include="examples\meson.build">
      <Filter>examples</Filter>
    </None>
    <None Include="docs\pages\main_page.dox">
      <Filter>docs\pages</Filter>
    </None>
    <None Include=".gitattributes" />
    <None Include=".gitignore" />
    <None Include="CODE_OF_CONDUCT.md" />
    <None Include="LICENSE" />
    <None Include="src\meson.build">
      <Filter>src</Filter>
    </None>
    <None Include="muu.props" />
    <None Include="cpp.hint" />
    <None Include="tools\generate_float_tests_header.py">
      <Filter>tools</Filter>
    </None>
    <None Include="tools\generate_unicode_functions.py">
      <Filter>tools</Filter>
    </None>
    <None Include="tools\generate_windows_targets.py">
      <Filter>tools</Filter>
    </None>
    <None Include="tools\utils.py">
      <Filter>tools</Filter>
    </None>
    <None Include="docs\poxy.toml">
      <Filter>docs</Filter>
    </None>
    <None Include="tools\make_release.py">
      <Filter>tools</Filter>
    </None>
    <None Include="tools\build_libs_msvc.bat">
      <Filter>tools</Filter>
    </None>
    <None Include=".clang-format" />
    <None Include="tools\generate_batched_tests.py">
      <Filter>tools</Filter>
    </None>
    <None Include="tools\clang_format.bat">
      <Filter>tools</Filter>
    </None>
    <None Include="tools\vcvars.bat">
      <Filter>tools</Filter>
    </None>
    <None Include="tools\generate_compiler_dispatch_macros.py">
      <Filter>tools</Filter>
    </None>
    <None Include="tools\make_release.bat">
      <Filter>tools</Filter>
    </None>
    <None Include="tools\generate_for_each_attribute_macros.py">
      <Filter>tools</Filter>
    </None>
    <None Include=".github\ISSUE_TEMPLATE\bug_report.md">
      <Filter>.github\ISSUE_TEMPLATE</Filter>
    </None>
    <None Include=".github\ISSUE_TEMPLATE\config.yml">
      <Filter>.github\ISSUE_TEMPLATE</Filter>
    </None>
    <None Include=".github\ISSUE_TEMPLATE\feature_request.md">
      <Filter>.github\ISSUE_TEMPLATE</Filter>
    </None>
    <None Include=".github\workflows\ci.yaml">
      <Filter>.github\workflows</Filter>
    </None>
    <None Include=".github\workflows\gh-pages.yaml">
      <Filter>.github\workflows</Filter>
    </None>
    <None Include=".github\FUNDING.yml">
      <Filter>.github</Filter>
    </None>
    <None Include=".github\pull_request_template.md">
      <Filter>.github</Filter>
    </None>
    <None Include="tools\version.py">
      <Filter>tools</Filter>
    </None>
    <None Include="tools\make_single.py">
      <Filter>tools</Filter>
    </None>
    <None Include="tools\make_singles.bat">
      <Filter>tools</Filter>
    </None>
  </ItemGroup>
  <ItemGroup>
    <Filter Include="docs">
      <UniqueIdentifier>{20e0e0c1-be5a-4c5b-9dba-9c351a948a81}</UniqueIdentifier>
    </Filter>
    <Filter Include="docs\pages">
      <UniqueIdentifier>{f71d09f5-b09a-4cdf-b292-f3ff5a9dcb3c}</UniqueIdentifier>
    </Filter>
    <Filter Include="examples">
      <UniqueIdentifier>{8c060e25-0088-4efc-87ec-0e1c502800d5}</UniqueIdentifier>
    </Filter>
    <Filter Include="include">
      <UniqueIdentifier>{71fc6b00-e942-4c1d-947c-ae9e8427ac49}</UniqueIdentifier>
    </Filter>
    <Filter Include="include\impl">
      <UniqueIdentifier>{efae82c9-47b7-4e90-9d28-2fe43e325020}</UniqueIdentifier>
    </Filter>
    <Filter Include="src">
      <UniqueIdentifier>{e6706e08-07d9-4fe5-8cf6-d3ac7c413219}</UniqueIdentifier>
    </Filter>
    <Filter Include="tools">
      <UniqueIdentifier>{040c1d6c-588e-4f98-978b-8d5934ad901c}</UniqueIdentifier>
    </Filter>
    <Filter Include=".github">
      <UniqueIdentifier>{55acfcf4-d54b-4396-b973-0d1685bc1615}</UniqueIdentifier>
    </Filter>
    <Filter Include=".github\workflows">
      <UniqueIdentifier>{09d7cb50-0302-41d9-855f-97b45670eb8a}</UniqueIdentifier>
    </Filter>
    <Filter Include=".github\ISSUE_TEMPLATE">
      <UniqueIdentifier>{fa84fb02-d378-4bd1-981d-90b9dff6b6fc}</UniqueIdentifier>
    </Filter>
  </ItemGroup>
  <ItemGroup>
    <Natvis Include="muu.natvis" />
  </ItemGroup>
  <ItemGroup>
    <Text Include="meson_options.txt" />
    <Text Include="tools\requirements.txt">
      <Filter>tools</Filter>
    </Text>
  </ItemGroup>
  <ItemGroup>
    <ClCompile Include="src\hashing.cpp">
      <Filter>src</Filter>
    </ClCompile>
    <ClCompile Include="src\thread_pool.cpp">
      <Filter>src</Filter>
    </ClCompile>
    <ClCompile Include="src\uuid.cpp">
      <Filter>src</Filter>
    </ClCompile>
    <ClCompile Include="src\thread_name.cpp">
      <Filter>src</Filter>
    </ClCompile>
    <ClCompile Include="src\string_param.cpp">
      <Filter>src</Filter>
    </ClCompile>
    <ClCompile Include="src\vector_types_common.cpp">
      <Filter>src</Filter>
    </ClCompile>
  </ItemGroup>
</Project>