<?xml version="1.0" encoding="utf-8"?>
<Project ToolsVersion="4.0" xmlns="http://schemas.microsoft.com/developer/msbuild/2003">
  <ItemGroup>
    <Natvis Include="$(SolutionDir)muu.natvis" />
  </ItemGroup>
  <ItemGroup>
    <ClCompile Include="..\accumulator.cpp" />
    <ClCompile Include="..\blob.cpp" />
    <ClCompile Include="..\compressed_pair.cpp" />
    <ClCompile Include="..\function_view.cpp" />
    <ClCompile Include="..\half.cpp" />
    <ClCompile Include="..\hashing.cpp" />
    <ClCompile Include="..\main.cpp" />
    <ClCompile Include="..\math.cpp" />
    <ClCompile Include="..\scope_guard.cpp" />
    <ClCompile Include="..\span.cpp" />
    <ClCompile Include="..\string_param.cpp" />
    <ClCompile Include="..\strings.cpp" />
    <ClCompile Include="..\tagged_ptr.cpp" />
    <ClCompile Include="..\tests.cpp" />
    <ClCompile Include="..\thread_pool.cpp" />
    <ClCompile Include="..\uuid.cpp" />
    <ClCompile Include="..\matrix_0.cpp">
      <Filter>matrix</Filter>
    </ClCompile>
    <ClCompile Include="..\matrix_1.cpp">
      <Filter>matrix</Filter>
    </ClCompile>
    <ClCompile Include="..\matrix_2.cpp">
      <Filter>matrix</Filter>
    </ClCompile>
    <ClCompile Include="..\matrix_3.cpp">
      <Filter>matrix</Filter>
    </ClCompile>
    <ClCompile Include="..\matrix_4.cpp">
      <Filter>matrix</Filter>
    </ClCompile>
    <ClCompile Include="..\matrix_5.cpp">
      <Filter>matrix</Filter>
    </ClCompile>
    <ClCompile Include="..\matrix_6.cpp">
      <Filter>matrix</Filter>
    </ClCompile>
    <ClCompile Include="..\matrix_7.cpp">
      <Filter>matrix</Filter>
    </ClCompile>
    <ClCompile Include="..\vector_0.cpp">
      <Filter>vector</Filter>
    </ClCompile>
    <ClCompile Include="..\vector_1.cpp">
      <Filter>vector</Filter>
    </ClCompile>
    <ClCompile Include="..\vector_2.cpp">
      <Filter>vector</Filter>
    </ClCompile>
    <ClCompile Include="..\vector_3.cpp">
      <Filter>vector</Filter>
    </ClCompile>
    <ClCompile Include="..\vector_4.cpp">
      <Filter>vector</Filter>
    </ClCompile>
    <ClCompile Include="..\vector_5.cpp">
      <Filter>vector</Filter>
    </ClCompile>
    <ClCompile Include="..\vector_6.cpp">
      <Filter>vector</Filter>
    </ClCompile>
    <ClCompile Include="..\vector_7.cpp">
      <Filter>vector</Filter>
    </ClCompile>
    <ClCompile Include="..\quaternion_0.cpp">
      <Filter>quaternion</Filter>
    </ClCompile>
    <ClCompile Include="..\quaternion_1.cpp">
      <Filter>quaternion</Filter>
    </ClCompile>
    <ClCompile Include="..\quaternion_2.cpp">
      <Filter>quaternion</Filter>
    </ClCompile>
    <ClCompile Include="..\quaternion_3.cpp">
      <Filter>quaternion</Filter>
    </ClCompile>
    <ClCompile Include="..\bounding_box_0.cpp">
      <Filter>bounding_box</Filter>
    </ClCompile>
    <ClCompile Include="..\bounding_box_1.cpp">
      <Filter>bounding_box</Filter>
    </ClCompile>
    <ClCompile Include="..\bounding_box_2.cpp">
      <Filter>bounding_box</Filter>
    </ClCompile>
    <ClCompile Include="..\bounding_box_3.cpp">
      <Filter>bounding_box</Filter>
    </ClCompile>
    <ClCompile Include="..\oriented_bounding_box_0.cpp">
      <Filter>oriented_bounding_box</Filter>
    </ClCompile>
    <ClCompile Include="..\oriented_bounding_box_1.cpp">
      <Filter>oriented_bounding_box</Filter>
    </ClCompile>
    <ClCompile Include="..\oriented_bounding_box_2.cpp">
      <Filter>oriented_bounding_box</Filter>
    </ClCompile>
    <ClCompile Include="..\oriented_bounding_box_3.cpp">
      <Filter>oriented_bounding_box</Filter>
    </ClCompile>
    <ClCompile Include="..\plane_0.cpp">
      <Filter>plane</Filter>
    </ClCompile>
    <ClCompile Include="..\plane_1.cpp">
      <Filter>plane</Filter>
    </ClCompile>
    <ClCompile Include="..\plane_2.cpp">
      <Filter>plane</Filter>
    </ClCompile>
    <ClCompile Include="..\plane_3.cpp">
      <Filter>plane</Filter>
    </ClCompile>
    <ClCompile Include="..\core_other.cpp">
      <Filter>core</Filter>
    </ClCompile>
    <ClCompile Include="..\unicode_unsigned_char.cpp">
      <Filter>unicode</Filter>
    </ClCompile>
    <ClCompile Include="..\unicode_char.cpp">
      <Filter>unicode</Filter>
    </ClCompile>
    <ClCompile Include="..\unicode_char8_t.cpp">
      <Filter>unicode</Filter>
    </ClCompile>
    <ClCompile Include="..\unicode_char16_t.cpp">
      <Filter>unicode</Filter>
    </ClCompile>
    <ClCompile Include="..\unicode_char32_t.cpp">
      <Filter>unicode</Filter>
    </ClCompile>
    <ClCompile Include="..\infinity_or_nan_0.cpp">
      <Filter>infinity_or_nan</Filter>
    </ClCompile>
    <ClCompile Include="..\infinity_or_nan_1.cpp">
      <Filter>infinity_or_nan</Filter>
    </ClCompile>
    <ClCompile Include="..\infinity_or_nan_2.cpp">
      <Filter>infinity_or_nan</Filter>
    </ClCompile>
    <ClCompile Include="..\infinity_or_nan_3.cpp">
      <Filter>infinity_or_nan</Filter>
    </ClCompile>
    <ClCompile Include="..\static_string.cpp" />
    <ClCompile Include="..\type_name.cpp" />
    <ClCompile Include="..\bit.cpp" />
    <ClCompile Include="..\integral_range.cpp" />
    <ClCompile Include="..\type_list.cpp" />
    <ClCompile Include="..\packed_unit_vector_0.cpp">
      <Filter>packed_unit_vector</Filter>
    </ClCompile>
    <ClCompile Include="..\packed_unit_vector_1.cpp">
      <Filter>packed_unit_vector</Filter>
    </ClCompile>
    <ClCompile Include="..\packed_unit_vector_2.cpp">
      <Filter>packed_unit_vector</Filter>
    </ClCompile>
    <ClCompile Include="..\packed_unit_vector_3.cpp">
      <Filter>packed_unit_vector</Filter>
    </ClCompile>
    <ClCompile Include="..\meta.cpp" />
    <ClCompile Include="..\triangle_0.cpp">
      <Filter>triangle</Filter>
    </ClCompile>
    <ClCompile Include="..\triangle_1.cpp">
      <Filter>triangle</Filter>
    </ClCompile>
    <ClCompile Include="..\triangle_2.cpp">
      <Filter>triangle</Filter>
    </ClCompile>
    <ClCompile Include="..\triangle_3.cpp">
      <Filter>triangle</Filter>
    </ClCompile>
    <ClCompile Include="..\line_segment_0.cpp">
      <Filter>line_segment</Filter>
    </ClCompile>
    <ClCompile Include="..\line_segment_1.cpp">
      <Filter>line_segment</Filter>
    </ClCompile>
    <ClCompile Include="..\line_segment_2.cpp">
      <Filter>line_segment</Filter>
    </ClCompile>
    <ClCompile Include="..\line_segment_3.cpp">
      <Filter>line_segment</Filter>
    </ClCompile>
  </ItemGroup>
  <ItemGroup>
    <ClInclude Include="..\batching.h" />
    <ClInclude Include="..\catch2.h" />
    <ClInclude Include="..\float_test_data.h" />
    <ClInclude Include="..\settings.h" />
    <ClInclude Include="..\tests.h" />
    <ClInclude Include="..\matrix_tests.h">
      <Filter>matrix</Filter>
    </ClInclude>
    <ClInclude Include="..\vector_tests.h">
      <Filter>vector</Filter>
    </ClInclude>
    <ClInclude Include="..\quaternion_tests.h">
      <Filter>quaternion</Filter>
    </ClInclude>
    <ClInclude Include="..\bounding_box_tests.h">
      <Filter>bounding_box</Filter>
    </ClInclude>
    <ClInclude Include="..\oriented_bounding_box_tests.h">
      <Filter>oriented_bounding_box</Filter>
    </ClInclude>
    <ClInclude Include="..\plane_tests.h">
      <Filter>plane</Filter>
    </ClInclude>
    <ClInclude Include="..\unicode.h">
      <Filter>unicode</Filter>
    </ClInclude>
    <ClInclude Include="..\infinity_or_nan_tests.h">
      <Filter>infinity_or_nan</Filter>
    </ClInclude>
    <ClInclude Include="..\packed_unit_vector_tests.h">
      <Filter>packed_unit_vector</Filter>
    </ClInclude>
    <ClInclude Include="..\triangle_tests.h">
      <Filter>triangle</Filter>
    </ClInclude>
    <ClInclude Include="..\line_segment_tests.h">
      <Filter>line_segment</Filter>
    </ClInclude>
  </ItemGroup>
  <ItemGroup>
    <None Include="..\cpp.hint" />
    <None Include="..\meson.build" />
    <None Include="$(SolutionDir).runsettings" />
    <None Include="$(SolutionDir)muu.props" />
  </ItemGroup>
  <ItemGroup>
    <Filter Include="bounding_box">
      <UniqueIdentifier>{4390118b-b943-4315-836b-7f6303087e64}</UniqueIdentifier>
    </Filter>
    <Filter Include="matrix">
      <UniqueIdentifier>{b8679be1-2be2-46e3-bd50-a34abc938907}</UniqueIdentifier>
    </Filter>
    <Filter Include="oriented_bounding_box">
      <UniqueIdentifier>{a3dabe9b-1c17-4a45-bf49-862484ef5e41}</UniqueIdentifier>
    </Filter>
    <Filter Include="plane">
      <UniqueIdentifier>{dd8a9e50-48e8-48eb-8d36-9336d79a9f0d}</UniqueIdentifier>
    </Filter>
    <Filter Include="quaternion">
      <UniqueIdentifier>{34d85895-ae82-4486-b6c1-b681079e8b46}</UniqueIdentifier>
    </Filter>
    <Filter Include="vector">
      <UniqueIdentifier>{43aab29d-8fac-43d5-b858-80b691a6b0a2}</UniqueIdentifier>
    </Filter>
    <Filter Include="core">
      <UniqueIdentifier>{23c11922-0b9e-4b0a-933c-f64905fcde71}</UniqueIdentifier>
    </Filter>
    <Filter Include="unicode">
      <UniqueIdentifier>{202ce89f-5555-4e74-8b3b-3c56c20d20ab}</UniqueIdentifier>
    </Filter>
    <Filter Include="infinity_or_nan">
      <UniqueIdentifier>{b74fb7e2-dedb-4cd0-9a91-1f963c7c7f23}</UniqueIdentifier>
    </Filter>
    <Filter Include="packed_unit_vector">
      <UniqueIdentifier>{96481ffd-eae4-4770-8c72-301ac108db97}</UniqueIdentifier>
    </Filter>
    <Filter Include="triangle">
      <UniqueIdentifier>{3804ec94-91fe-4a76-be9d-483c76fad019}</UniqueIdentifier>
    </Filter>
    <Filter Include="line_segment">
      <UniqueIdentifier>{999a25f1-1bd9-4084-817e-ff154b94d2c6}</UniqueIdentifier>
    </Filter>
  </ItemGroup>
</Project>