<?xml version="1.0" encoding="utf-8"?>
<Project ToolsVersion="4.0" xmlns="http://schemas.microsoft.com/developer/msbuild/2003">
  <ItemGroup>
    <ClInclude Include="..\include\muu\accumulator.h">
      <Filter>include</Filter>
    </ClInclude>
    <ClInclude Include="..\include\muu\bitset.h">
      <Filter>include</Filter>
    </ClInclude>
    <ClInclude Include="..\include\muu\blob.h">
      <Filter>include</Filter>
    </ClInclude>
    <ClInclude Include="..\include\muu\concatenate.h">
      <Filter>include</Filter>
    </ClInclude>
    <ClInclude Include="..\include\muu\numeric_range.h">
      <Filter>include</Filter>
    </ClInclude>
    <ClInclude Include="..\include\muu\uuid.h">
      <Filter>include</Filter>
    </ClInclude>
    <ClInclude Include="..\include\muu\thread_pool.h">
      <Filter>include</Filter>
    </ClInclude>
    <ClInclude Include="..\include\muu\tagged_ptr.h">
      <Filter>include</Filter>
    </ClInclude>
    <ClInclude Include="..\include\muu\semver.h">
      <Filter>include</Filter>
    </ClInclude>
    <ClInclude Include="..\include\muu\scope_guard.h">
      <Filter>include</Filter>
    </ClInclude>
    <ClInclude Include="..\extern\catch2.h">
      <Filter>extern</Filter>
    </ClInclude>
    <ClInclude Include="..\include\muu\aligned_alloc.h">
      <Filter>include</Filter>
    </ClInclude>
    <ClInclude Include="..\include\muu\string_param.h">
      <Filter>include</Filter>
    </ClInclude>
    <ClInclude Include="..\include\muu\preprocessor.h">
      <Filter>include</Filter>
    </ClInclude>
    <ClInclude Include="..\include\muu\rolling_average.h">
      <Filter>include</Filter>
    </ClInclude>
    <ClInclude Include="..\include\muu\impl\aligned_alloc.hpp">
      <Filter>include\impl</Filter>
    </ClInclude>
    <ClInclude Include="..\include\muu\impl\blob.hpp">
      <Filter>include\impl</Filter>
    </ClInclude>
    <ClInclude Include="..\include\muu\impl\uuid.hpp">
      <Filter>include\impl</Filter>
    </ClInclude>
    <ClInclude Include="..\include\muu\hashing.h">
      <Filter>include</Filter>
    </ClInclude>
    <ClInclude Include="..\include\muu\impl\hashing.hpp">
      <Filter>include\impl</Filter>
    </ClInclude>
    <ClInclude Include="..\examples\utf8_console.h">
      <Filter>examples</Filter>
    </ClInclude>
    <ClInclude Include="..\include\muu\all.h">
      <Filter>include</Filter>
    </ClInclude>
    <ClInclude Include="..\include\muu\core.h">
      <Filter>include</Filter>
    </ClInclude>
    <ClInclude Include="..\include\muu\half.h">
      <Filter>include</Filter>
    </ClInclude>
    <ClInclude Include="..\include\muu\fwd.h">
      <Filter>include</Filter>
    </ClInclude>
    <ClInclude Include="..\include\muu\strings.h">
      <Filter>include</Filter>
    </ClInclude>
  </ItemGroup>
  <ItemGroup>
    <None Include="..\.editorconfig" />
    <None Include="..\CONTRIBUTING.md" />
    <None Include="..\meson.build" />
    <None Include="..\README.md" />
    <None Include="..\docs\Doxyfile">
      <Filter>docs</Filter>
    </None>
    <None Include="..\docs\Doxyfile-mcss">
      <Filter>docs</Filter>
    </None>
    <None Include="..\docs\muu.css">
      <Filter>docs</Filter>
    </None>
    <None Include="..\docs\muu.js">
      <Filter>docs</Filter>
    </None>
    <None Include=".runsettings" />
    <None Include="..\python\generate_documentation.py">
      <Filter>python</Filter>
    </None>
    <None Include="..\python\utils.py">
      <Filter>python</Filter>
    </None>
    <None Include="..\examples\meson.build">
      <Filter>examples</Filter>
    </None>
    <None Include="..\docs\pages\main_page.dox">
      <Filter>docs\pages</Filter>
    </None>
    <None Include="..\.gitattributes" />
    <None Include="..\.gitignore" />
    <None Include="..\python\generate_float_tests_header.py">
      <Filter>python</Filter>
    </None>
    <None Include="..\python\generate_windows_test_targets.py">
      <Filter>python</Filter>
    </None>
    <None Include="..\python\generate_unicode_functions.py">
      <Filter>python</Filter>
    </None>
  </ItemGroup>
  <ItemGroup>
    <Filter Include="include">
      <UniqueIdentifier>{71fc6b00-e942-4c1d-947c-ae9e8427ac49}</UniqueIdentifier>
    </Filter>
    <Filter Include="extern">
      <UniqueIdentifier>{9f8abdc5-e45e-496b-9bc1-f7b758c1c3a3}</UniqueIdentifier>
    </Filter>
    <Filter Include="docs">
      <UniqueIdentifier>{20e0e0c1-be5a-4c5b-9dba-9c351a948a81}</UniqueIdentifier>
    </Filter>
    <Filter Include="python">
      <UniqueIdentifier>{1e1ceca0-47ee-4874-8437-0f412136d9ee}</UniqueIdentifier>
    </Filter>
    <Filter Include="include\impl">
      <UniqueIdentifier>{efae82c9-47b7-4e90-9d28-2fe43e325020}</UniqueIdentifier>
    </Filter>
    <Filter Include="examples">
      <UniqueIdentifier>{8c060e25-0088-4efc-87ec-0e1c502800d5}</UniqueIdentifier>
    </Filter>
    <Filter Include="docs\pages">
      <UniqueIdentifier>{f71d09f5-b09a-4cdf-b292-f3ff5a9dcb3c}</UniqueIdentifier>
    </Filter>
  </ItemGroup>
  <ItemGroup>
    <Natvis Include="muu.natvis" />
  </ItemGroup>
</Project>