
Microsoft Visual Studio Solution File, Format Version 12.00
# Visual Studio Version 16
VisualStudioVersion = 16.0.29911.84
MinimumVisualStudioVersion = 10.0.40219.1
Project("{8BC9CEB8-8B4A-11D0-8D11-00A0C91BC942}") = "muu", "muu.vcxproj", "{0E287B5A-1168-43FD-B067-F6BE8E182A57}"
EndProject
Project("{2150E333-8FDC-42A3-9474-1A3956D46DE8}") = "tests", "tests", "{A4B37A50-2EE3-473F-ADFE-4AC2476BB2E6}"
EndProject
Project("{2150E333-8FDC-42A3-9474-1A3956D46DE8}") = "examples", "examples", "{A5ECCCD8-C88B-4801-A269-A1D6F57A7887}"
EndProject
Project("{8BC9CEB8-8B4A-11D0-8D11-00A0C91BC942}") = "example", "example.vcxproj", "{B46218B8-6031-48A4-9683-A3510E7EE6C0}"
EndProject
Project("{8BC9CEB8-8B4A-11D0-8D11-00A0C91BC942}") = "test_debug_x64", "tests\test_debug_x64.vcxproj", "{202DCF23-B4E4-5FB9-AFA8-CC9A718067FF}"
EndProject
Project("{8BC9CEB8-8B4A-11D0-8D11-00A0C91BC942}") = "test_debug_x64_cpplatest", "tests\test_debug_x64_cpplatest.vcxproj", "{B0B1EA1E-611A-59B6-939F-0A891C71BBF0}"
EndProject
Project("{8BC9CEB8-8B4A-11D0-8D11-00A0C91BC942}") = "test_debug_x64_noexcept", "tests\test_debug_x64_noexcept.vcxproj", "{70F7C29B-3468-5C09-8D47-B649CEBAB09E}"
EndProject
Project("{8BC9CEB8-8B4A-11D0-8D11-00A0C91BC942}") = "test_debug_x86", "tests\test_debug_x86.vcxproj", "{CFBAF3E0-2F81-5178-964C-F419CD2F296D}"
EndProject
Project("{8BC9CEB8-8B4A-11D0-8D11-00A0C91BC942}") = "test_debug_x86_cpplatest", "tests\test_debug_x86_cpplatest.vcxproj", "{AD9A5FC3-6B12-5B6F-86C0-AB2FBB8C7766}"
EndProject
Project("{8BC9CEB8-8B4A-11D0-8D11-00A0C91BC942}") = "test_debug_x86_noexcept", "tests\test_debug_x86_noexcept.vcxproj", "{F7375F00-0345-5F67-89C0-2B18412B40FB}"
EndProject
Project("{8BC9CEB8-8B4A-11D0-8D11-00A0C91BC942}") = "test_release_x64", "tests\test_release_x64.vcxproj", "{F70977E7-E735-5D5C-9043-CA792F1B9392}"
EndProject
Project("{8BC9CEB8-8B4A-11D0-8D11-00A0C91BC942}") = "test_release_x64_cpplatest", "tests\test_release_x64_cpplatest.vcxproj", "{413BDA52-0A9D-56B8-9AF3-A65019F42831}"
EndProject
Project("{8BC9CEB8-8B4A-11D0-8D11-00A0C91BC942}") = "test_release_x64_noexcept", "tests\test_release_x64_noexcept.vcxproj", "{B1B28D93-892C-59BF-9C6F-D813EC6438A0}"
EndProject
Project("{8BC9CEB8-8B4A-11D0-8D11-00A0C91BC942}") = "test_release_x86", "tests\test_release_x86.vcxproj", "{2D7D2E84-8861-529C-9C05-A1EE1FB84084}"
EndProject
Project("{8BC9CEB8-8B4A-11D0-8D11-00A0C91BC942}") = "test_release_x86_cpplatest", "tests\test_release_x86_cpplatest.vcxproj", "{B98D8D10-4B7B-5AA8-84B5-87FE6AA80C10}"
EndProject
Project("{8BC9CEB8-8B4A-11D0-8D11-00A0C91BC942}") = "test_release_x86_noexcept", "tests\test_release_x86_noexcept.vcxproj", "{0D4D9D25-3F93-5C37-866E-F8B0AC23F851}"
EndProject
Project("{8BC9CEB8-8B4A-11D0-8D11-00A0C91BC942}") = "muu_debug_x64", "tests\muu_debug_x64.vcxproj", "{A9120186-9906-5046-862D-5765D603D5E4}"
EndProject
Project("{8BC9CEB8-8B4A-11D0-8D11-00A0C91BC942}") = "muu_debug_x64_cpplatest", "tests\muu_debug_x64_cpplatest.vcxproj", "{94CCC0CC-FBF8-5A3C-9093-DE2DA96D7329}"
EndProject
Project("{8BC9CEB8-8B4A-11D0-8D11-00A0C91BC942}") = "muu_debug_x64_noexcept", "tests\muu_debug_x64_noexcept.vcxproj", "{2FFE44DE-F9AB-56D7-9E47-B402722487DB}"
EndProject
Project("{8BC9CEB8-8B4A-11D0-8D11-00A0C91BC942}") = "muu_debug_x86", "tests\muu_debug_x86.vcxproj", "{B54E438E-FDFD-5553-B5B1-DBA81A53E18A}"
EndProject
Project("{8BC9CEB8-8B4A-11D0-8D11-00A0C91BC942}") = "muu_debug_x86_cpplatest", "tests\muu_debug_x86_cpplatest.vcxproj", "{4B27E062-C185-5448-A3C7-7FB91D99A036}"
EndProject
Project("{8BC9CEB8-8B4A-11D0-8D11-00A0C91BC942}") = "muu_debug_x86_noexcept", "tests\muu_debug_x86_noexcept.vcxproj", "{96EEE195-505C-5592-A1C5-63218851C44A}"
EndProject
Project("{8BC9CEB8-8B4A-11D0-8D11-00A0C91BC942}") = "muu_release_x64", "tests\muu_release_x64.vcxproj", "{17A846AF-EAF5-5097-AB65-5CCE5F2D480B}"
EndProject
Project("{8BC9CEB8-8B4A-11D0-8D11-00A0C91BC942}") = "muu_release_x64_cpplatest", "tests\muu_release_x64_cpplatest.vcxproj", "{9D1E9CDE-CB22-5BD3-ABDE-48DA9FC09B09}"
EndProject
Project("{8BC9CEB8-8B4A-11D0-8D11-00A0C91BC942}") = "muu_release_x64_noexcept", "tests\muu_release_x64_noexcept.vcxproj", "{1F77E7BD-43D1-569F-92A5-46924B9C3E71}"
EndProject
Project("{8BC9CEB8-8B4A-11D0-8D11-00A0C91BC942}") = "muu_release_x86", "tests\muu_release_x86.vcxproj", "{C3D3DE58-4920-599B-94A6-9DA47D7AE254}"
EndProject
Project("{8BC9CEB8-8B4A-11D0-8D11-00A0C91BC942}") = "muu_release_x86_cpplatest", "tests\muu_release_x86_cpplatest.vcxproj", "{93015BA4-9A4D-5447-A0F6-B0CDE94BB557}"
EndProject
Project("{8BC9CEB8-8B4A-11D0-8D11-00A0C91BC942}") = "muu_release_x86_noexcept", "tests\muu_release_x86_noexcept.vcxproj", "{514F7B2E-01F1-5AD3-9847-61540D5E443C}"
EndProject
Project("{2150E333-8FDC-42A3-9474-1A3956D46DE8}") = "lib", "lib", "{CF3C34CE-E71D-427B-BB19-4D9F7A89A549}"
EndProject
Global
	GlobalSection(SolutionConfigurationPlatforms) = preSolution
		Debug|x64 = Debug|x64
		Debug|x86 = Debug|x86
		Release|x64 = Release|x64
		Release|x86 = Release|x86
	EndGlobalSection
	GlobalSection(ProjectConfigurationPlatforms) = postSolution
		{0E287B5A-1168-43FD-B067-F6BE8E182A57}.Debug|x64.ActiveCfg = Debug|x64
		{0E287B5A-1168-43FD-B067-F6BE8E182A57}.Debug|x64.Build.0 = Debug|x64
		{0E287B5A-1168-43FD-B067-F6BE8E182A57}.Debug|x86.ActiveCfg = Debug|Win32
		{0E287B5A-1168-43FD-B067-F6BE8E182A57}.Debug|x86.Build.0 = Debug|Win32
		{0E287B5A-1168-43FD-B067-F6BE8E182A57}.Release|x64.ActiveCfg = Release|x64
		{0E287B5A-1168-43FD-B067-F6BE8E182A57}.Release|x64.Build.0 = Release|x64
		{0E287B5A-1168-43FD-B067-F6BE8E182A57}.Release|x86.ActiveCfg = Release|Win32
		{0E287B5A-1168-43FD-B067-F6BE8E182A57}.Release|x86.Build.0 = Release|Win32
		{B46218B8-6031-48A4-9683-A3510E7EE6C0}.Debug|x64.ActiveCfg = Debug|x64
		{B46218B8-6031-48A4-9683-A3510E7EE6C0}.Debug|x64.Build.0 = Debug|x64
		{B46218B8-6031-48A4-9683-A3510E7EE6C0}.Debug|x86.ActiveCfg = Debug|Win32
		{B46218B8-6031-48A4-9683-A3510E7EE6C0}.Debug|x86.Build.0 = Debug|Win32
		{B46218B8-6031-48A4-9683-A3510E7EE6C0}.Release|x64.ActiveCfg = Release|x64
		{B46218B8-6031-48A4-9683-A3510E7EE6C0}.Release|x64.Build.0 = Release|x64
		{B46218B8-6031-48A4-9683-A3510E7EE6C0}.Release|x86.ActiveCfg = Release|Win32
		{B46218B8-6031-48A4-9683-A3510E7EE6C0}.Release|x86.Build.0 = Release|Win32
		{202DCF23-B4E4-5FB9-AFA8-CC9A718067FF}.Debug|x64.ActiveCfg = Debug|x64
		{202DCF23-B4E4-5FB9-AFA8-CC9A718067FF}.Debug|x64.Build.0 = Debug|x64
		{202DCF23-B4E4-5FB9-AFA8-CC9A718067FF}.Debug|x86.ActiveCfg = Debug|x64
		{202DCF23-B4E4-5FB9-AFA8-CC9A718067FF}.Debug|x86.Build.0 = Debug|x64
		{202DCF23-B4E4-5FB9-AFA8-CC9A718067FF}.Release|x64.ActiveCfg = Debug|x64
		{202DCF23-B4E4-5FB9-AFA8-CC9A718067FF}.Release|x64.Build.0 = Debug|x64
		{202DCF23-B4E4-5FB9-AFA8-CC9A718067FF}.Release|x86.ActiveCfg = Debug|x64
		{202DCF23-B4E4-5FB9-AFA8-CC9A718067FF}.Release|x86.Build.0 = Debug|x64
		{B0B1EA1E-611A-59B6-939F-0A891C71BBF0}.Debug|x64.ActiveCfg = Debug|x64
		{B0B1EA1E-611A-59B6-939F-0A891C71BBF0}.Debug|x64.Build.0 = Debug|x64
		{B0B1EA1E-611A-59B6-939F-0A891C71BBF0}.Debug|x86.ActiveCfg = Debug|x64
		{B0B1EA1E-611A-59B6-939F-0A891C71BBF0}.Debug|x86.Build.0 = Debug|x64
		{B0B1EA1E-611A-59B6-939F-0A891C71BBF0}.Release|x64.ActiveCfg = Debug|x64
		{B0B1EA1E-611A-59B6-939F-0A891C71BBF0}.Release|x64.Build.0 = Debug|x64
		{B0B1EA1E-611A-59B6-939F-0A891C71BBF0}.Release|x86.ActiveCfg = Debug|x64
		{B0B1EA1E-611A-59B6-939F-0A891C71BBF0}.Release|x86.Build.0 = Debug|x64
		{70F7C29B-3468-5C09-8D47-B649CEBAB09E}.Debug|x64.ActiveCfg = Debug|x64
		{70F7C29B-3468-5C09-8D47-B649CEBAB09E}.Debug|x64.Build.0 = Debug|x64
		{70F7C29B-3468-5C09-8D47-B649CEBAB09E}.Debug|x86.ActiveCfg = Debug|x64
		{70F7C29B-3468-5C09-8D47-B649CEBAB09E}.Debug|x86.Build.0 = Debug|x64
		{70F7C29B-3468-5C09-8D47-B649CEBAB09E}.Release|x64.ActiveCfg = Debug|x64
		{70F7C29B-3468-5C09-8D47-B649CEBAB09E}.Release|x64.Build.0 = Debug|x64
		{70F7C29B-3468-5C09-8D47-B649CEBAB09E}.Release|x86.ActiveCfg = Debug|x64
		{70F7C29B-3468-5C09-8D47-B649CEBAB09E}.Release|x86.Build.0 = Debug|x64
		{CFBAF3E0-2F81-5178-964C-F419CD2F296D}.Debug|x64.ActiveCfg = Debug|Win32
		{CFBAF3E0-2F81-5178-964C-F419CD2F296D}.Debug|x64.Build.0 = Debug|Win32
		{CFBAF3E0-2F81-5178-964C-F419CD2F296D}.Debug|x86.ActiveCfg = Debug|Win32
		{CFBAF3E0-2F81-5178-964C-F419CD2F296D}.Debug|x86.Build.0 = Debug|Win32
		{CFBAF3E0-2F81-5178-964C-F419CD2F296D}.Release|x64.ActiveCfg = Debug|Win32
		{CFBAF3E0-2F81-5178-964C-F419CD2F296D}.Release|x64.Build.0 = Debug|Win32
		{CFBAF3E0-2F81-5178-964C-F419CD2F296D}.Release|x86.ActiveCfg = Debug|Win32
		{CFBAF3E0-2F81-5178-964C-F419CD2F296D}.Release|x86.Build.0 = Debug|Win32
		{AD9A5FC3-6B12-5B6F-86C0-AB2FBB8C7766}.Debug|x64.ActiveCfg = Debug|Win32
		{AD9A5FC3-6B12-5B6F-86C0-AB2FBB8C7766}.Debug|x64.Build.0 = Debug|Win32
		{AD9A5FC3-6B12-5B6F-86C0-AB2FBB8C7766}.Debug|x86.ActiveCfg = Debug|Win32
		{AD9A5FC3-6B12-5B6F-86C0-AB2FBB8C7766}.Debug|x86.Build.0 = Debug|Win32
		{AD9A5FC3-6B12-5B6F-86C0-AB2FBB8C7766}.Release|x64.ActiveCfg = Debug|Win32
		{AD9A5FC3-6B12-5B6F-86C0-AB2FBB8C7766}.Release|x64.Build.0 = Debug|Win32
		{AD9A5FC3-6B12-5B6F-86C0-AB2FBB8C7766}.Release|x86.ActiveCfg = Debug|Win32
		{AD9A5FC3-6B12-5B6F-86C0-AB2FBB8C7766}.Release|x86.Build.0 = Debug|Win32
		{F7375F00-0345-5F67-89C0-2B18412B40FB}.Debug|x64.ActiveCfg = Debug|Win32
		{F7375F00-0345-5F67-89C0-2B18412B40FB}.Debug|x64.Build.0 = Debug|Win32
		{F7375F00-0345-5F67-89C0-2B18412B40FB}.Debug|x86.ActiveCfg = Debug|Win32
		{F7375F00-0345-5F67-89C0-2B18412B40FB}.Debug|x86.Build.0 = Debug|Win32
		{F7375F00-0345-5F67-89C0-2B18412B40FB}.Release|x64.ActiveCfg = Debug|Win32
		{F7375F00-0345-5F67-89C0-2B18412B40FB}.Release|x64.Build.0 = Debug|Win32
		{F7375F00-0345-5F67-89C0-2B18412B40FB}.Release|x86.ActiveCfg = Debug|Win32
		{F7375F00-0345-5F67-89C0-2B18412B40FB}.Release|x86.Build.0 = Debug|Win32
		{F70977E7-E735-5D5C-9043-CA792F1B9392}.Debug|x64.ActiveCfg = Release|x64
		{F70977E7-E735-5D5C-9043-CA792F1B9392}.Debug|x64.Build.0 = Release|x64
		{F70977E7-E735-5D5C-9043-CA792F1B9392}.Debug|x86.ActiveCfg = Release|x64
		{F70977E7-E735-5D5C-9043-CA792F1B9392}.Debug|x86.Build.0 = Release|x64
		{F70977E7-E735-5D5C-9043-CA792F1B9392}.Release|x64.ActiveCfg = Release|x64
		{F70977E7-E735-5D5C-9043-CA792F1B9392}.Release|x64.Build.0 = Release|x64
		{F70977E7-E735-5D5C-9043-CA792F1B9392}.Release|x86.ActiveCfg = Release|x64
		{F70977E7-E735-5D5C-9043-CA792F1B9392}.Release|x86.Build.0 = Release|x64
		{413BDA52-0A9D-56B8-9AF3-A65019F42831}.Debug|x64.ActiveCfg = Release|x64
		{413BDA52-0A9D-56B8-9AF3-A65019F42831}.Debug|x64.Build.0 = Release|x64
		{413BDA52-0A9D-56B8-9AF3-A65019F42831}.Debug|x86.ActiveCfg = Release|x64
		{413BDA52-0A9D-56B8-9AF3-A65019F42831}.Debug|x86.Build.0 = Release|x64
		{413BDA52-0A9D-56B8-9AF3-A65019F42831}.Release|x64.ActiveCfg = Release|x64
		{413BDA52-0A9D-56B8-9AF3-A65019F42831}.Release|x64.Build.0 = Release|x64
		{413BDA52-0A9D-56B8-9AF3-A65019F42831}.Release|x86.ActiveCfg = Release|x64
		{413BDA52-0A9D-56B8-9AF3-A65019F42831}.Release|x86.Build.0 = Release|x64
		{B1B28D93-892C-59BF-9C6F-D813EC6438A0}.Debug|x64.ActiveCfg = Release|x64
		{B1B28D93-892C-59BF-9C6F-D813EC6438A0}.Debug|x64.Build.0 = Release|x64
		{B1B28D93-892C-59BF-9C6F-D813EC6438A0}.Debug|x86.ActiveCfg = Release|x64
		{B1B28D93-892C-59BF-9C6F-D813EC6438A0}.Debug|x86.Build.0 = Release|x64
		{B1B28D93-892C-59BF-9C6F-D813EC6438A0}.Release|x64.ActiveCfg = Release|x64
		{B1B28D93-892C-59BF-9C6F-D813EC6438A0}.Release|x64.Build.0 = Release|x64
		{B1B28D93-892C-59BF-9C6F-D813EC6438A0}.Release|x86.ActiveCfg = Release|x64
		{B1B28D93-892C-59BF-9C6F-D813EC6438A0}.Release|x86.Build.0 = Release|x64
		{2D7D2E84-8861-529C-9C05-A1EE1FB84084}.Debug|x64.ActiveCfg = Release|Win32
		{2D7D2E84-8861-529C-9C05-A1EE1FB84084}.Debug|x64.Build.0 = Release|Win32
		{2D7D2E84-8861-529C-9C05-A1EE1FB84084}.Debug|x86.ActiveCfg = Release|Win32
		{2D7D2E84-8861-529C-9C05-A1EE1FB84084}.Debug|x86.Build.0 = Release|Win32
		{2D7D2E84-8861-529C-9C05-A1EE1FB84084}.Release|x64.ActiveCfg = Release|Win32
		{2D7D2E84-8861-529C-9C05-A1EE1FB84084}.Release|x64.Build.0 = Release|Win32
		{2D7D2E84-8861-529C-9C05-A1EE1FB84084}.Release|x86.ActiveCfg = Release|Win32
		{2D7D2E84-8861-529C-9C05-A1EE1FB84084}.Release|x86.Build.0 = Release|Win32
		{B98D8D10-4B7B-5AA8-84B5-87FE6AA80C10}.Debug|x64.ActiveCfg = Release|Win32
		{B98D8D10-4B7B-5AA8-84B5-87FE6AA80C10}.Debug|x64.Build.0 = Release|Win32
		{B98D8D10-4B7B-5AA8-84B5-87FE6AA80C10}.Debug|x86.ActiveCfg = Release|Win32
		{B98D8D10-4B7B-5AA8-84B5-87FE6AA80C10}.Debug|x86.Build.0 = Release|Win32
		{B98D8D10-4B7B-5AA8-84B5-87FE6AA80C10}.Release|x64.ActiveCfg = Release|Win32
		{B98D8D10-4B7B-5AA8-84B5-87FE6AA80C10}.Release|x64.Build.0 = Release|Win32
		{B98D8D10-4B7B-5AA8-84B5-87FE6AA80C10}.Release|x86.ActiveCfg = Release|Win32
		{B98D8D10-4B7B-5AA8-84B5-87FE6AA80C10}.Release|x86.Build.0 = Release|Win32
		{0D4D9D25-3F93-5C37-866E-F8B0AC23F851}.Debug|x64.ActiveCfg = Release|Win32
		{0D4D9D25-3F93-5C37-866E-F8B0AC23F851}.Debug|x64.Build.0 = Release|Win32
		{0D4D9D25-3F93-5C37-866E-F8B0AC23F851}.Debug|x86.ActiveCfg = Release|Win32
		{0D4D9D25-3F93-5C37-866E-F8B0AC23F851}.Debug|x86.Build.0 = Release|Win32
		{0D4D9D25-3F93-5C37-866E-F8B0AC23F851}.Release|x64.ActiveCfg = Release|Win32
		{0D4D9D25-3F93-5C37-866E-F8B0AC23F851}.Release|x64.Build.0 = Release|Win32
		{0D4D9D25-3F93-5C37-866E-F8B0AC23F851}.Release|x86.ActiveCfg = Release|Win32
		{0D4D9D25-3F93-5C37-866E-F8B0AC23F851}.Release|x86.Build.0 = Release|Win32
		{A9120186-9906-5046-862D-5765D603D5E4}.Debug|x64.ActiveCfg = Debug|x64
		{A9120186-9906-5046-862D-5765D603D5E4}.Debug|x64.Build.0 = Debug|x64
		{A9120186-9906-5046-862D-5765D603D5E4}.Debug|x86.ActiveCfg = Debug|x64
		{A9120186-9906-5046-862D-5765D603D5E4}.Debug|x86.Build.0 = Debug|x64
		{A9120186-9906-5046-862D-5765D603D5E4}.Release|x64.ActiveCfg = Debug|x64
		{A9120186-9906-5046-862D-5765D603D5E4}.Release|x64.Build.0 = Debug|x64
		{A9120186-9906-5046-862D-5765D603D5E4}.Release|x86.ActiveCfg = Debug|x64
		{A9120186-9906-5046-862D-5765D603D5E4}.Release|x86.Build.0 = Debug|x64
		{94CCC0CC-FBF8-5A3C-9093-DE2DA96D7329}.Debug|x64.ActiveCfg = Debug|x64
		{94CCC0CC-FBF8-5A3C-9093-DE2DA96D7329}.Debug|x64.Build.0 = Debug|x64
		{94CCC0CC-FBF8-5A3C-9093-DE2DA96D7329}.Debug|x86.ActiveCfg = Debug|x64
		{94CCC0CC-FBF8-5A3C-9093-DE2DA96D7329}.Debug|x86.Build.0 = Debug|x64
		{94CCC0CC-FBF8-5A3C-9093-DE2DA96D7329}.Release|x64.ActiveCfg = Debug|x64
		{94CCC0CC-FBF8-5A3C-9093-DE2DA96D7329}.Release|x64.Build.0 = Debug|x64
		{94CCC0CC-FBF8-5A3C-9093-DE2DA96D7329}.Release|x86.ActiveCfg = Debug|x64
		{94CCC0CC-FBF8-5A3C-9093-DE2DA96D7329}.Release|x86.Build.0 = Debug|x64
		{2FFE44DE-F9AB-56D7-9E47-B402722487DB}.Debug|x64.ActiveCfg = Debug|x64
		{2FFE44DE-F9AB-56D7-9E47-B402722487DB}.Debug|x64.Build.0 = Debug|x64
		{2FFE44DE-F9AB-56D7-9E47-B402722487DB}.Debug|x86.ActiveCfg = Debug|x64
		{2FFE44DE-F9AB-56D7-9E47-B402722487DB}.Debug|x86.Build.0 = Debug|x64
		{2FFE44DE-F9AB-56D7-9E47-B402722487DB}.Release|x64.ActiveCfg = Debug|x64
		{2FFE44DE-F9AB-56D7-9E47-B402722487DB}.Release|x64.Build.0 = Debug|x64
		{2FFE44DE-F9AB-56D7-9E47-B402722487DB}.Release|x86.ActiveCfg = Debug|x64
		{2FFE44DE-F9AB-56D7-9E47-B402722487DB}.Release|x86.Build.0 = Debug|x64
		{B54E438E-FDFD-5553-B5B1-DBA81A53E18A}.Debug|x64.ActiveCfg = Debug|Win32
		{B54E438E-FDFD-5553-B5B1-DBA81A53E18A}.Debug|x64.Build.0 = Debug|Win32
		{B54E438E-FDFD-5553-B5B1-DBA81A53E18A}.Debug|x86.ActiveCfg = Debug|Win32
		{B54E438E-FDFD-5553-B5B1-DBA81A53E18A}.Debug|x86.Build.0 = Debug|Win32
		{B54E438E-FDFD-5553-B5B1-DBA81A53E18A}.Release|x64.ActiveCfg = Debug|Win32
		{B54E438E-FDFD-5553-B5B1-DBA81A53E18A}.Release|x64.Build.0 = Debug|Win32
		{B54E438E-FDFD-5553-B5B1-DBA81A53E18A}.Release|x86.ActiveCfg = Debug|Win32
		{B54E438E-FDFD-5553-B5B1-DBA81A53E18A}.Release|x86.Build.0 = Debug|Win32
		{4B27E062-C185-5448-A3C7-7FB91D99A036}.Debug|x64.ActiveCfg = Debug|Win32
		{4B27E062-C185-5448-A3C7-7FB91D99A036}.Debug|x64.Build.0 = Debug|Win32
		{4B27E062-C185-5448-A3C7-7FB91D99A036}.Debug|x86.ActiveCfg = Debug|Win32
		{4B27E062-C185-5448-A3C7-7FB91D99A036}.Debug|x86.Build.0 = Debug|Win32
		{4B27E062-C185-5448-A3C7-7FB91D99A036}.Release|x64.ActiveCfg = Debug|Win32
		{4B27E062-C185-5448-A3C7-7FB91D99A036}.Release|x64.Build.0 = Debug|Win32
		{4B27E062-C185-5448-A3C7-7FB91D99A036}.Release|x86.ActiveCfg = Debug|Win32
		{4B27E062-C185-5448-A3C7-7FB91D99A036}.Release|x86.Build.0 = Debug|Win32
		{96EEE195-505C-5592-A1C5-63218851C44A}.Debug|x64.ActiveCfg = Debug|Win32
		{96EEE195-505C-5592-A1C5-63218851C44A}.Debug|x64.Build.0 = Debug|Win32
		{96EEE195-505C-5592-A1C5-63218851C44A}.Debug|x86.ActiveCfg = Debug|Win32
		{96EEE195-505C-5592-A1C5-63218851C44A}.Debug|x86.Build.0 = Debug|Win32
		{96EEE195-505C-5592-A1C5-63218851C44A}.Release|x64.ActiveCfg = Debug|Win32
		{96EEE195-505C-5592-A1C5-63218851C44A}.Release|x64.Build.0 = Debug|Win32
		{96EEE195-505C-5592-A1C5-63218851C44A}.Release|x86.ActiveCfg = Debug|Win32
		{96EEE195-505C-5592-A1C5-63218851C44A}.Release|x86.Build.0 = Debug|Win32
		{17A846AF-EAF5-5097-AB65-5CCE5F2D480B}.Debug|x64.ActiveCfg = Release|x64
		{17A846AF-EAF5-5097-AB65-5CCE5F2D480B}.Debug|x64.Build.0 = Release|x64
		{17A846AF-EAF5-5097-AB65-5CCE5F2D480B}.Debug|x86.ActiveCfg = Release|x64
		{17A846AF-EAF5-5097-AB65-5CCE5F2D480B}.Debug|x86.Build.0 = Release|x64
		{17A846AF-EAF5-5097-AB65-5CCE5F2D480B}.Release|x64.ActiveCfg = Release|x64
		{17A846AF-EAF5-5097-AB65-5CCE5F2D480B}.Release|x64.Build.0 = Release|x64
		{17A846AF-EAF5-5097-AB65-5CCE5F2D480B}.Release|x86.ActiveCfg = Release|x64
		{17A846AF-EAF5-5097-AB65-5CCE5F2D480B}.Release|x86.Build.0 = Release|x64
		{9D1E9CDE-CB22-5BD3-ABDE-48DA9FC09B09}.Debug|x64.ActiveCfg = Release|x64
		{9D1E9CDE-CB22-5BD3-ABDE-48DA9FC09B09}.Debug|x64.Build.0 = Release|x64
		{9D1E9CDE-CB22-5BD3-ABDE-48DA9FC09B09}.Debug|x86.ActiveCfg = Release|x64
		{9D1E9CDE-CB22-5BD3-ABDE-48DA9FC09B09}.Debug|x86.Build.0 = Release|x64
		{9D1E9CDE-CB22-5BD3-ABDE-48DA9FC09B09}.Release|x64.ActiveCfg = Release|x64
		{9D1E9CDE-CB22-5BD3-ABDE-48DA9FC09B09}.Release|x64.Build.0 = Release|x64
		{9D1E9CDE-CB22-5BD3-ABDE-48DA9FC09B09}.Release|x86.ActiveCfg = Release|x64
		{9D1E9CDE-CB22-5BD3-ABDE-48DA9FC09B09}.Release|x86.Build.0 = Release|x64
		{1F77E7BD-43D1-569F-92A5-46924B9C3E71}.Debug|x64.ActiveCfg = Release|x64
		{1F77E7BD-43D1-569F-92A5-46924B9C3E71}.Debug|x64.Build.0 = Release|x64
		{1F77E7BD-43D1-569F-92A5-46924B9C3E71}.Debug|x86.ActiveCfg = Release|x64
		{1F77E7BD-43D1-569F-92A5-46924B9C3E71}.Debug|x86.Build.0 = Release|x64
		{1F77E7BD-43D1-569F-92A5-46924B9C3E71}.Release|x64.ActiveCfg = Release|x64
		{1F77E7BD-43D1-569F-92A5-46924B9C3E71}.Release|x64.Build.0 = Release|x64
		{1F77E7BD-43D1-569F-92A5-46924B9C3E71}.Release|x86.ActiveCfg = Release|x64
		{1F77E7BD-43D1-569F-92A5-46924B9C3E71}.Release|x86.Build.0 = Release|x64
		{C3D3DE58-4920-599B-94A6-9DA47D7AE254}.Debug|x64.ActiveCfg = Release|Win32
		{C3D3DE58-4920-599B-94A6-9DA47D7AE254}.Debug|x64.Build.0 = Release|Win32
		{C3D3DE58-4920-599B-94A6-9DA47D7AE254}.Debug|x86.ActiveCfg = Release|Win32
		{C3D3DE58-4920-599B-94A6-9DA47D7AE254}.Debug|x86.Build.0 = Release|Win32
		{C3D3DE58-4920-599B-94A6-9DA47D7AE254}.Release|x64.ActiveCfg = Release|Win32
		{C3D3DE58-4920-599B-94A6-9DA47D7AE254}.Release|x64.Build.0 = Release|Win32
		{C3D3DE58-4920-599B-94A6-9DA47D7AE254}.Release|x86.ActiveCfg = Release|Win32
		{C3D3DE58-4920-599B-94A6-9DA47D7AE254}.Release|x86.Build.0 = Release|Win32
		{93015BA4-9A4D-5447-A0F6-B0CDE94BB557}.Debug|x64.ActiveCfg = Release|Win32
		{93015BA4-9A4D-5447-A0F6-B0CDE94BB557}.Debug|x64.Build.0 = Release|Win32
		{93015BA4-9A4D-5447-A0F6-B0CDE94BB557}.Debug|x86.ActiveCfg = Release|Win32
		{93015BA4-9A4D-5447-A0F6-B0CDE94BB557}.Debug|x86.Build.0 = Release|Win32
		{93015BA4-9A4D-5447-A0F6-B0CDE94BB557}.Release|x64.ActiveCfg = Release|Win32
		{93015BA4-9A4D-5447-A0F6-B0CDE94BB557}.Release|x64.Build.0 = Release|Win32
		{93015BA4-9A4D-5447-A0F6-B0CDE94BB557}.Release|x86.ActiveCfg = Release|Win32
		{93015BA4-9A4D-5447-A0F6-B0CDE94BB557}.Release|x86.Build.0 = Release|Win32
		{514F7B2E-01F1-5AD3-9847-61540D5E443C}.Debug|x64.ActiveCfg = Release|Win32
		{514F7B2E-01F1-5AD3-9847-61540D5E443C}.Debug|x64.Build.0 = Release|Win32
		{514F7B2E-01F1-5AD3-9847-61540D5E443C}.Debug|x86.ActiveCfg = Release|Win32
		{514F7B2E-01F1-5AD3-9847-61540D5E443C}.Debug|x86.Build.0 = Release|Win32
		{514F7B2E-01F1-5AD3-9847-61540D5E443C}.Release|x64.ActiveCfg = Release|Win32
		{514F7B2E-01F1-5AD3-9847-61540D5E443C}.Release|x64.Build.0 = Release|Win32
		{514F7B2E-01F1-5AD3-9847-61540D5E443C}.Release|x86.ActiveCfg = Release|Win32
		{514F7B2E-01F1-5AD3-9847-61540D5E443C}.Release|x86.Build.0 = Release|Win32
	EndGlobalSection
	GlobalSection(SolutionProperties) = preSolution
		HideSolutionNode = FALSE
	EndGlobalSection
	GlobalSection(NestedProjects) = preSolution
		{B46218B8-6031-48A4-9683-A3510E7EE6C0} = {A5ECCCD8-C88B-4801-A269-A1D6F57A7887}
		{202DCF23-B4E4-5FB9-AFA8-CC9A718067FF} = {A4B37A50-2EE3-473F-ADFE-4AC2476BB2E6}
		{B0B1EA1E-611A-59B6-939F-0A891C71BBF0} = {A4B37A50-2EE3-473F-ADFE-4AC2476BB2E6}
		{70F7C29B-3468-5C09-8D47-B649CEBAB09E} = {A4B37A50-2EE3-473F-ADFE-4AC2476BB2E6}
		{CFBAF3E0-2F81-5178-964C-F419CD2F296D} = {A4B37A50-2EE3-473F-ADFE-4AC2476BB2E6}
		{AD9A5FC3-6B12-5B6F-86C0-AB2FBB8C7766} = {A4B37A50-2EE3-473F-ADFE-4AC2476BB2E6}
		{F7375F00-0345-5F67-89C0-2B18412B40FB} = {A4B37A50-2EE3-473F-ADFE-4AC2476BB2E6}
		{F70977E7-E735-5D5C-9043-CA792F1B9392} = {A4B37A50-2EE3-473F-ADFE-4AC2476BB2E6}
		{413BDA52-0A9D-56B8-9AF3-A65019F42831} = {A4B37A50-2EE3-473F-ADFE-4AC2476BB2E6}
		{B1B28D93-892C-59BF-9C6F-D813EC6438A0} = {A4B37A50-2EE3-473F-ADFE-4AC2476BB2E6}
		{2D7D2E84-8861-529C-9C05-A1EE1FB84084} = {A4B37A50-2EE3-473F-ADFE-4AC2476BB2E6}
		{B98D8D10-4B7B-5AA8-84B5-87FE6AA80C10} = {A4B37A50-2EE3-473F-ADFE-4AC2476BB2E6}
		{0D4D9D25-3F93-5C37-866E-F8B0AC23F851} = {A4B37A50-2EE3-473F-ADFE-4AC2476BB2E6}
		{A9120186-9906-5046-862D-5765D603D5E4} = {CF3C34CE-E71D-427B-BB19-4D9F7A89A549}
		{94CCC0CC-FBF8-5A3C-9093-DE2DA96D7329} = {CF3C34CE-E71D-427B-BB19-4D9F7A89A549}
		{2FFE44DE-F9AB-56D7-9E47-B402722487DB} = {CF3C34CE-E71D-427B-BB19-4D9F7A89A549}
		{B54E438E-FDFD-5553-B5B1-DBA81A53E18A} = {CF3C34CE-E71D-427B-BB19-4D9F7A89A549}
		{4B27E062-C185-5448-A3C7-7FB91D99A036} = {CF3C34CE-E71D-427B-BB19-4D9F7A89A549}
		{96EEE195-505C-5592-A1C5-63218851C44A} = {CF3C34CE-E71D-427B-BB19-4D9F7A89A549}
		{17A846AF-EAF5-5097-AB65-5CCE5F2D480B} = {CF3C34CE-E71D-427B-BB19-4D9F7A89A549}
		{9D1E9CDE-CB22-5BD3-ABDE-48DA9FC09B09} = {CF3C34CE-E71D-427B-BB19-4D9F7A89A549}
		{1F77E7BD-43D1-569F-92A5-46924B9C3E71} = {CF3C34CE-E71D-427B-BB19-4D9F7A89A549}
		{C3D3DE58-4920-599B-94A6-9DA47D7AE254} = {CF3C34CE-E71D-427B-BB19-4D9F7A89A549}
		{93015BA4-9A4D-5447-A0F6-B0CDE94BB557} = {CF3C34CE-E71D-427B-BB19-4D9F7A89A549}
		{514F7B2E-01F1-5AD3-9847-61540D5E443C} = {CF3C34CE-E71D-427B-BB19-4D9F7A89A549}
		{CF3C34CE-E71D-427B-BB19-4D9F7A89A549} = {A4B37A50-2EE3-473F-ADFE-4AC2476BB2E6}
	EndGlobalSection
	GlobalSection(ExtensibilityGlobals) = postSolution
		SolutionGuid = {9A1FE07F-8071-4646-95D4-7281F5183F01}
	EndGlobalSection
EndGlobal
